
Microsoft Visual Studio Solution File, Format Version 12.00
# Visual Studio Version 16
VisualStudioVersion = 16.0.30503.244
MinimumVisualStudioVersion = 10.0.40219.1
Project("{9A19103F-16F7-4668-BE54-9A1E7A4F7556}") = "Application Web ASP.NET Core", "Application Web ASP.NET Core\Application Web ASP.NET Core.csproj", "{26EE0074-66F4-4C63-9D25-B7C4579B5FCC}"
EndProject
Project("{FAE04EC0-301F-11D3-BF4B-00C04F79EFBC}") = "UnitTestProject1", "UnitTestProject1\UnitTestProject1.csproj", "{D57D5AD6-82A9-4518-8E96-874752942793}"
EndProject
Global
	GlobalSection(SolutionConfigurationPlatforms) = preSolution
		Debug|Any CPU = Debug|Any CPU
		Release|Any CPU = Release|Any CPU
	EndGlobalSection
	GlobalSection(ProjectConfigurationPlatforms) = postSolution
		{26EE0074-66F4-4C63-9D25-B7C4579B5FCC}.Debug|Any CPU.ActiveCfg = Debug|Any CPU
		{26EE0074-66F4-4C63-9D25-B7C4579B5FCC}.Debug|Any CPU.Build.0 = Debug|Any CPU
		{26EE0074-66F4-4C63-9D25-B7C4579B5FCC}.Release|Any CPU.ActiveCfg = Release|Any CPU
		{26EE0074-66F4-4C63-9D25-B7C4579B5FCC}.Release|Any CPU.Build.0 = Release|Any CPU
		{D57D5AD6-82A9-4518-8E96-874752942793}.Debug|Any CPU.ActiveCfg = Debug|Any CPU
		{D57D5AD6-82A9-4518-8E96-874752942793}.Debug|Any CPU.Build.0 = Debug|Any CPU
		{D57D5AD6-82A9-4518-8E96-874752942793}.Release|Any CPU.ActiveCfg = Release|Any CPU
		{D57D5AD6-82A9-4518-8E96-874752942793}.Release|Any CPU.Build.0 = Release|Any CPU
	EndGlobalSection
	GlobalSection(SolutionProperties) = preSolution
		HideSolutionNode = FALSE
	EndGlobalSection
	GlobalSection(ExtensibilityGlobals) = postSolution
		SolutionGuid = {C26EFD43-F9FB-48CE-A00B-07009D9F0512}
	EndGlobalSection
EndGlobal
